<?xml version="1.0" encoding="utf-8"?>
<Project ToolsVersion="4.0" xmlns="http://schemas.microsoft.com/developer/msbuild/2003">
  <ItemGroup>
    <ClCompile Include="..\..\.pio\libdeps\esp32-target\cpp-State-Oriented-Programming\hsm.cpp" />
    <ClCompile Include="..\..\src\Shutter.cpp" />
    <ClCompile Include="test_shutters.cpp" />
    <ClCompile Include="..\..\.pio\libdeps\esp32-target\MCP23017\src\MCP23017.cpp" />
  </ItemGroup>
  <ItemGroup>
    <ClInclude Include="stubs\Arduino.h">
      <Filter>stubs</Filter>
    </ClInclude>
    <ClInclude Include="stubs\esp_log.h">
      <Filter>stubs</Filter>
    </ClInclude>
    <ClInclude Include="stubs\Wire.h">
      <Filter>stubs</Filter>
    </ClInclude>
    <ClInclude Include="..\..\include\Shutter.h" />
    <ClInclude Include="..\..\.pio\libdeps\esp32-target\cpp-State-Oriented-Programming\hsm.hpp" />
  </ItemGroup>
  <ItemGroup>
    <None Include="packages.config" />
  </ItemGroup>
  <ItemGroup>
    <Filter Include="stubs">
      <UniqueIdentifier>{784d476c-6ff8-470c-a45c-ce5f2be6ceeb}</UniqueIdentifier>
    </Filter>
  </ItemGroup>
</Project>